
Microsoft Visual Studio Solution File, Format Version 12.00
# Visual Studio Version 17
VisualStudioVersion = 17.10.34916.146
MinimumVisualStudioVersion = 10.0.40219.1
Project("{FAE04EC0-301F-11D3-BF4B-00C04F79EFBC}") = "Models", "Models\Models.csproj", "{9F424E65-4A00-426D-8BDC-D59B71D45069}"
EndProject
Project("{FAE04EC0-301F-11D3-BF4B-00C04F79EFBC}") = "BLL", "BLL\BLL.csproj", "{992552A8-B1E1-45AA-91F8-F6436FA71266}"
EndProject
Project("{FAE04EC0-301F-11D3-BF4B-00C04F79EFBC}") = "Interface", "Interface\Interface.csproj", "{4AB45681-AD39-4235-92E0-B678F05CF8FC}"
EndProject
Global
	GlobalSection(SolutionConfigurationPlatforms) = preSolution
		Debug|Any CPU = Debug|Any CPU
		Release|Any CPU = Release|Any CPU
	EndGlobalSection
	GlobalSection(ProjectConfigurationPlatforms) = postSolution
		{9F424E65-4A00-426D-8BDC-D59B71D45069}.Debug|Any CPU.ActiveCfg = Debug|Any CPU
		{9F424E65-4A00-426D-8BDC-D59B71D45069}.Debug|Any CPU.Build.0 = Debug|Any CPU
		{9F424E65-4A00-426D-8BDC-D59B71D45069}.Release|Any CPU.ActiveCfg = Release|Any CPU
		{9F424E65-4A00-426D-8BDC-D59B71D45069}.Release|Any CPU.Build.0 = Release|Any CPU
		{992552A8-B1E1-45AA-91F8-F6436FA71266}.Debug|Any CPU.ActiveCfg = Debug|Any CPU
		{992552A8-B1E1-45AA-91F8-F6436FA71266}.Debug|Any CPU.Build.0 = Debug|Any CPU
		{992552A8-B1E1-45AA-91F8-F6436FA71266}.Release|Any CPU.ActiveCfg = Release|Any CPU
		{992552A8-B1E1-45AA-91F8-F6436FA71266}.Release|Any CPU.Build.0 = Release|Any CPU
		{4AB45681-AD39-4235-92E0-B678F05CF8FC}.Debug|Any CPU.ActiveCfg = Debug|Any CPU
		{4AB45681-AD39-4235-92E0-B678F05CF8FC}.Debug|Any CPU.Build.0 = Debug|Any CPU
		{4AB45681-AD39-4235-92E0-B678F05CF8FC}.Release|Any CPU.ActiveCfg = Release|Any CPU
		{4AB45681-AD39-4235-92E0-B678F05CF8FC}.Release|Any CPU.Build.0 = Release|Any CPU
	EndGlobalSection
	GlobalSection(SolutionProperties) = preSolution
		HideSolutionNode = FALSE
	EndGlobalSection
	GlobalSection(ExtensibilityGlobals) = postSolution
		SolutionGuid = {2AFE75C2-3966-4D32-BC62-7C43ED7BF1B0}
	EndGlobalSection
EndGlobal
